
Microsoft Visual Studio Solution File, Format Version 12.00
# Visual Studio Version 17
VisualStudioVersion = 17.0.31912.275
MinimumVisualStudioVersion = 10.0.40219.1
Project("{9A19103F-16F7-4668-BE54-9A1E7A4F7556}") = "GithubStatsBot", "GithubStatsBot\GithubStatsBot.csproj", "{B3650C91-BDEF-490F-B7E1-4AE7D9BB4479}"
EndProject
Project("{2150E333-8FDC-42A3-9474-1A3956D46DE8}") = "Solution Items", "Solution Items", "{AADA4985-E9AD-4AB4-B31C-DA0A15794CE8}"
	ProjectSection(SolutionItems) = preProject
		.gitignore = .gitignore
	EndProjectSection
EndProject
Global
	GlobalSection(SolutionConfigurationPlatforms) = preSolution
		Debug|Any CPU = Debug|Any CPU
		Release|Any CPU = Release|Any CPU
	EndGlobalSection
	GlobalSection(ProjectConfigurationPlatforms) = postSolution
		{B3650C91-BDEF-490F-B7E1-4AE7D9BB4479}.Debug|Any CPU.ActiveCfg = Debug|Any CPU
		{B3650C91-BDEF-490F-B7E1-4AE7D9BB4479}.Debug|Any CPU.Build.0 = Debug|Any CPU
		{B3650C91-BDEF-490F-B7E1-4AE7D9BB4479}.Release|Any CPU.ActiveCfg = Release|Any CPU
		{B3650C91-BDEF-490F-B7E1-4AE7D9BB4479}.Release|Any CPU.Build.0 = Release|Any CPU
	EndGlobalSection
	GlobalSection(SolutionProperties) = preSolution
		HideSolutionNode = FALSE
	EndGlobalSection
	GlobalSection(ExtensibilityGlobals) = postSolution
		SolutionGuid = {402C70FE-D386-4A34-B484-C00E7F187CB0}
	EndGlobalSection
EndGlobal
